
Microsoft Visual Studio Solution File, Format Version 12.00
# Visual Studio Version 17
VisualStudioVersion = 17.12.35527.113
MinimumVisualStudioVersion = 10.0.40219.1
Project("{FAE04EC0-301F-11D3-BF4B-00C04F79EFBC}") = "CsvProcessorApp", "CsvProcessorApp\CsvProcessorApp.csproj", "{78581A29-E0D9-49E1-89BC-481DB9BEEE60}"
EndProject
Project("{FAE04EC0-301F-11D3-BF4B-00C04F79EFBC}") = "EnverSoftExercise1_xUnit", "EnverSoftExercise1_xUnit\EnverSoftExercise1_xUnit.csproj", "{29622F55-1E69-471F-B1A4-947559204382}"
EndProject
Global
	GlobalSection(SolutionConfigurationPlatforms) = preSolution
		Debug|Any CPU = Debug|Any CPU
		Release|Any CPU = Release|Any CPU
	EndGlobalSection
	GlobalSection(ProjectConfigurationPlatforms) = postSolution
		{78581A29-E0D9-49E1-89BC-481DB9BEEE60}.Debug|Any CPU.ActiveCfg = Debug|Any CPU
		{78581A29-E0D9-49E1-89BC-481DB9BEEE60}.Debug|Any CPU.Build.0 = Debug|Any CPU
		{78581A29-E0D9-49E1-89BC-481DB9BEEE60}.Release|Any CPU.ActiveCfg = Release|Any CPU
		{78581A29-E0D9-49E1-89BC-481DB9BEEE60}.Release|Any CPU.Build.0 = Release|Any CPU
		{29622F55-1E69-471F-B1A4-947559204382}.Debug|Any CPU.ActiveCfg = Debug|Any CPU
		{29622F55-1E69-471F-B1A4-947559204382}.Debug|Any CPU.Build.0 = Debug|Any CPU
		{29622F55-1E69-471F-B1A4-947559204382}.Release|Any CPU.ActiveCfg = Release|Any CPU
		{29622F55-1E69-471F-B1A4-947559204382}.Release|Any CPU.Build.0 = Release|Any CPU
	EndGlobalSection
	GlobalSection(SolutionProperties) = preSolution
		HideSolutionNode = FALSE
	EndGlobalSection
EndGlobal
